// !$*UTF8*$!
{
	archiveVersion = 1;
	classes = {
	};
	objectVersion = 50;
	objects = {

/* Begin PBXBuildFile section */
		3DCFD3B02519568300595E2E /* ItemDetails.swift in Sources */ = {isa = PBXBuildFile; fileRef = 3DCFD3AF2519568300595E2E /* ItemDetails.swift */; };
		3DEE47822516ACD600C22086 /* AppDelegate.swift in Sources */ = {isa = PBXBuildFile; fileRef = 3DEE47812516ACD600C22086 /* AppDelegate.swift */; };
		3DEE47842516ACD600C22086 /* SceneDelegate.swift in Sources */ = {isa = PBXBuildFile; fileRef = 3DEE47832516ACD600C22086 /* SceneDelegate.swift */; };
		3DEE47862516ACD600C22086 /* ContentView.swift in Sources */ = {isa = PBXBuildFile; fileRef = 3DEE47852516ACD600C22086 /* ContentView.swift */; };
		3DEE47882516ACD800C22086 /* Assets.xcassets in Resources */ = {isa = PBXBuildFile; fileRef = 3DEE47872516ACD800C22086 /* Assets.xcassets */; };
		3DEE478B2516ACD800C22086 /* Preview Assets.xcassets in Resources */ = {isa = PBXBuildFile; fileRef = 3DEE478A2516ACD800C22086 /* Preview Assets.xcassets */; };
		3DEE478E2516ACD800C22086 /* LaunchScreen.storyboard in Resources */ = {isa = PBXBuildFile; fileRef = 3DEE478C2516ACD800C22086 /* LaunchScreen.storyboard */; };
		3DEE47992516ACD800C22086 /* iDineTests.swift in Sources */ = {isa = PBXBuildFile; fileRef = 3DEE47982516ACD800C22086 /* iDineTests.swift */; };
		3DEE47A42516ACD800C22086 /* iDineUITests.swift in Sources */ = {isa = PBXBuildFile; fileRef = 3DEE47A32516ACD800C22086 /* iDineUITests.swift */; };
		3DEE47B22516AD5F00C22086 /* Helper.swift in Sources */ = {isa = PBXBuildFile; fileRef = 3DEE47B12516AD5F00C22086 /* Helper.swift */; };
		3DEE47B52516AD8300C22086 /* Menu.swift in Sources */ = {isa = PBXBuildFile; fileRef = 3DEE47B32516AD8300C22086 /* Menu.swift */; };
		3DEE47B62516AD8300C22086 /* Order.swift in Sources */ = {isa = PBXBuildFile; fileRef = 3DEE47B42516AD8300C22086 /* Order.swift */; };
		3DEE47B82516AD9400C22086 /* menu.json in Resources */ = {isa = PBXBuildFile; fileRef = 3DEE47B72516AD9400C22086 /* menu.json */; };
		3DEE47BA251801AC00C22086 /* ItemRow.swift in Sources */ = {isa = PBXBuildFile; fileRef = 3DEE47B9251801AC00C22086 /* ItemRow.swift */; };
/* End PBXBuildFile section */

/* Begin PBXContainerItemProxy section */
		3DEE47952516ACD800C22086 /* PBXContainerItemProxy */ = {
			isa = PBXContainerItemProxy;
			containerPortal = 3DEE47762516ACD600C22086 /* Project object */;
			proxyType = 1;
			remoteGlobalIDString = 3DEE477D2516ACD600C22086;
			remoteInfo = iDine;
		};
		3DEE47A02516ACD800C22086 /* PBXContainerItemProxy */ = {
			isa = PBXContainerItemProxy;
			containerPortal = 3DEE47762516ACD600C22086 /* Project object */;
			proxyType = 1;
			remoteGlobalIDString = 3DEE477D2516ACD600C22086;
			remoteInfo = iDine;
		};
/* End PBXContainerItemProxy section */

/* Begin PBXFileReference section */
		3DCFD3AF2519568300595E2E /* ItemDetails.swift */ = {isa = PBXFileReference; lastKnownFileType = sourcecode.swift; path = ItemDetails.swift; sourceTree = "<group>"; };
		3DEE477E2516ACD600C22086 /* iDine.app */ = {isa = PBXFileReference; explicitFileType = wrapper.application; includeInIndex = 0; path = iDine.app; sourceTree = BUILT_PRODUCTS_DIR; };
		3DEE47812516ACD600C22086 /* AppDelegate.swift */ = {isa = PBXFileReference; lastKnownFileType = sourcecode.swift; path = AppDelegate.swift; sourceTree = "<group>"; };
		3DEE47832516ACD600C22086 /* SceneDelegate.swift */ = {isa = PBXFileReference; lastKnownFileType = sourcecode.swift; path = SceneDelegate.swift; sourceTree = "<group>"; };
		3DEE47852516ACD600C22086 /* ContentView.swift */ = {isa = PBXFileReference; lastKnownFileType = sourcecode.swift; path = ContentView.swift; sourceTree = "<group>"; };
		3DEE47872516ACD800C22086 /* Assets.xcassets */ = {isa = PBXFileReference; lastKnownFileType = folder.assetcatalog; path = Assets.xcassets; sourceTree = "<group>"; };
		3DEE478A2516ACD800C22086 /* Preview Assets.xcassets */ = {isa = PBXFileReference; lastKnownFileType = folder.assetcatalog; path = "Preview Assets.xcassets"; sourceTree = "<group>"; };
		3DEE478D2516ACD800C22086 /* Base */ = {isa = PBXFileReference; lastKnownFileType = file.storyboard; name = Base; path = Base.lproj/LaunchScreen.storyboard; sourceTree = "<group>"; };
		3DEE478F2516ACD800C22086 /* Info.plist */ = {isa = PBXFileReference; lastKnownFileType = text.plist.xml; path = Info.plist; sourceTree = "<group>"; };
		3DEE47942516ACD800C22086 /* iDineTests.xctest */ = {isa = PBXFileReference; explicitFileType = wrapper.cfbundle; includeInIndex = 0; path = iDineTests.xctest; sourceTree = BUILT_PRODUCTS_DIR; };
		3DEE47982516ACD800C22086 /* iDineTests.swift */ = {isa = PBXFileReference; lastKnownFileType = sourcecode.swift; path = iDineTests.swift; sourceTree = "<group>"; };
		3DEE479A2516ACD800C22086 /* Info.plist */ = {isa = PBXFileReference; lastKnownFileType = text.plist.xml; path = Info.plist; sourceTree = "<group>"; };
		3DEE479F2516ACD800C22086 /* iDineUITests.xctest */ = {isa = PBXFileReference; explicitFileType = wrapper.cfbundle; includeInIndex = 0; path = iDineUITests.xctest; sourceTree = BUILT_PRODUCTS_DIR; };
		3DEE47A32516ACD800C22086 /* iDineUITests.swift */ = {isa = PBXFileReference; lastKnownFileType = sourcecode.swift; path = iDineUITests.swift; sourceTree = "<group>"; };
		3DEE47A52516ACD800C22086 /* Info.plist */ = {isa = PBXFileReference; lastKnownFileType = text.plist.xml; path = Info.plist; sourceTree = "<group>"; };
		3DEE47B12516AD5F00C22086 /* Helper.swift */ = {isa = PBXFileReference; fileEncoding = 4; lastKnownFileType = sourcecode.swift; path = Helper.swift; sourceTree = "<group>"; };
		3DEE47B32516AD8300C22086 /* Menu.swift */ = {isa = PBXFileReference; fileEncoding = 4; lastKnownFileType = sourcecode.swift; path = Menu.swift; sourceTree = "<group>"; };
		3DEE47B42516AD8300C22086 /* Order.swift */ = {isa = PBXFileReference; fileEncoding = 4; lastKnownFileType = sourcecode.swift; path = Order.swift; sourceTree = "<group>"; };
		3DEE47B72516AD9400C22086 /* menu.json */ = {isa = PBXFileReference; fileEncoding = 4; lastKnownFileType = text.json; path = menu.json; sourceTree = "<group>"; };
		3DEE47B9251801AC00C22086 /* ItemRow.swift */ = {isa = PBXFileReference; lastKnownFileType = sourcecode.swift; path = ItemRow.swift; sourceTree = "<group>"; };
/* End PBXFileReference section */

/* Begin PBXFrameworksBuildPhase section */
		3DEE477B2516ACD600C22086 /* Frameworks */ = {
			isa = PBXFrameworksBuildPhase;
			buildActionMask = 2147483647;
			files = (
			);
			runOnlyForDeploymentPostprocessing = 0;
		};
		3DEE47912516ACD800C22086 /* Frameworks */ = {
			isa = PBXFrameworksBuildPhase;
			buildActionMask = 2147483647;
			files = (
			);
			runOnlyForDeploymentPostprocessing = 0;
		};
		3DEE479C2516ACD800C22086 /* Frameworks */ = {
			isa = PBXFrameworksBuildPhase;
			buildActionMask = 2147483647;
			files = (
			);
			runOnlyForDeploymentPostprocessing = 0;
		};
/* End PBXFrameworksBuildPhase section */

/* Begin PBXGroup section */
		3DEE47752516ACD600C22086 = {
			isa = PBXGroup;
			children = (
				3DEE47802516ACD600C22086 /* iDine */,
				3DEE47972516ACD800C22086 /* iDineTests */,
				3DEE47A22516ACD800C22086 /* iDineUITests */,
				3DEE477F2516ACD600C22086 /* Products */,
			);
			sourceTree = "<group>";
		};
		3DEE477F2516ACD600C22086 /* Products */ = {
			isa = PBXGroup;
			children = (
				3DEE477E2516ACD600C22086 /* iDine.app */,
				3DEE47942516ACD800C22086 /* iDineTests.xctest */,
				3DEE479F2516ACD800C22086 /* iDineUITests.xctest */,
			);
			name = Products;
			sourceTree = "<group>";
		};
		3DEE47802516ACD600C22086 /* iDine */ = {
			isa = PBXGroup;
			children = (
				3DEE47B72516AD9400C22086 /* menu.json */,
				3DEE47B32516AD8300C22086 /* Menu.swift */,
				3DEE47B42516AD8300C22086 /* Order.swift */,
				3DEE47812516ACD600C22086 /* AppDelegate.swift */,
				3DEE47B12516AD5F00C22086 /* Helper.swift */,
				3DEE47832516ACD600C22086 /* SceneDelegate.swift */,
				3DEE47852516ACD600C22086 /* ContentView.swift */,
				3DEE47B9251801AC00C22086 /* ItemRow.swift */,
				3DCFD3AF2519568300595E2E /* ItemDetails.swift */,
				3DEE47872516ACD800C22086 /* Assets.xcassets */,
				3DEE478C2516ACD800C22086 /* LaunchScreen.storyboard */,
				3DEE478F2516ACD800C22086 /* Info.plist */,
				3DEE47892516ACD800C22086 /* Preview Content */,
			);
			path = iDine;
			sourceTree = "<group>";
		};
		3DEE47892516ACD800C22086 /* Preview Content */ = {
			isa = PBXGroup;
			children = (
				3DEE478A2516ACD800C22086 /* Preview Assets.xcassets */,
			);
			path = "Preview Content";
			sourceTree = "<group>";
		};
		3DEE47972516ACD800C22086 /* iDineTests */ = {
			isa = PBXGroup;
			children = (
				3DEE47982516ACD800C22086 /* iDineTests.swift */,
				3DEE479A2516ACD800C22086 /* Info.plist */,
			);
			path = iDineTests;
			sourceTree = "<group>";
		};
		3DEE47A22516ACD800C22086 /* iDineUITests */ = {
			isa = PBXGroup;
			children = (
				3DEE47A32516ACD800C22086 /* iDineUITests.swift */,
				3DEE47A52516ACD800C22086 /* Info.plist */,
			);
			path = iDineUITests;
			sourceTree = "<group>";
		};
/* End PBXGroup section */

/* Begin PBXNativeTarget section */
		3DEE477D2516ACD600C22086 /* iDine */ = {
			isa = PBXNativeTarget;
			buildConfigurationList = 3DEE47A82516ACD800C22086 /* Build configuration list for PBXNativeTarget "iDine" */;
			buildPhases = (
				3DEE477A2516ACD600C22086 /* Sources */,
				3DEE477B2516ACD600C22086 /* Frameworks */,
				3DEE477C2516ACD600C22086 /* Resources */,
			);
			buildRules = (
			);
			dependencies = (
			);
			name = iDine;
			productName = iDine;
			productReference = 3DEE477E2516ACD600C22086 /* iDine.app */;
			productType = "com.apple.product-type.application";
		};
		3DEE47932516ACD800C22086 /* iDineTests */ = {
			isa = PBXNativeTarget;
			buildConfigurationList = 3DEE47AB2516ACD800C22086 /* Build configuration list for PBXNativeTarget "iDineTests" */;
			buildPhases = (
				3DEE47902516ACD800C22086 /* Sources */,
				3DEE47912516ACD800C22086 /* Frameworks */,
				3DEE47922516ACD800C22086 /* Resources */,
			);
			buildRules = (
			);
			dependencies = (
				3DEE47962516ACD800C22086 /* PBXTargetDependency */,
			);
			name = iDineTests;
			productName = iDineTests;
			productReference = 3DEE47942516ACD800C22086 /* iDineTests.xctest */;
			productType = "com.apple.product-type.bundle.unit-test";
		};
		3DEE479E2516ACD800C22086 /* iDineUITests */ = {
			isa = PBXNativeTarget;
			buildConfigurationList = 3DEE47AE2516ACD800C22086 /* Build configuration list for PBXNativeTarget "iDineUITests" */;
			buildPhases = (
				3DEE479B2516ACD800C22086 /* Sources */,
				3DEE479C2516ACD800C22086 /* Frameworks */,
				3DEE479D2516ACD800C22086 /* Resources */,
			);
			buildRules = (
			);
			dependencies = (
				3DEE47A12516ACD800C22086 /* PBXTargetDependency */,
			);
			name = iDineUITests;
			productName = iDineUITests;
			productReference = 3DEE479F2516ACD800C22086 /* iDineUITests.xctest */;
			productType = "com.apple.product-type.bundle.ui-testing";
		};
/* End PBXNativeTarget section */

/* Begin PBXProject section */
		3DEE47762516ACD600C22086 /* Project object */ = {
			isa = PBXProject;
			attributes = {
				LastSwiftUpdateCheck = 1150;
				LastUpgradeCheck = 1150;
				ORGANIZATIONNAME = "Salah Amassi";
				TargetAttributes = {
					3DEE477D2516ACD600C22086 = {
						CreatedOnToolsVersion = 11.5;
					};
					3DEE47932516ACD800C22086 = {
						CreatedOnToolsVersion = 11.5;
						TestTargetID = 3DEE477D2516ACD600C22086;
					};
					3DEE479E2516ACD800C22086 = {
						CreatedOnToolsVersion = 11.5;
						TestTargetID = 3DEE477D2516ACD600C22086;
					};
				};
			};
			buildConfigurationList = 3DEE47792516ACD600C22086 /* Build configuration list for PBXProject "iDine" */;
			compatibilityVersion = "Xcode 9.3";
			developmentRegion = en;
			hasScannedForEncodings = 0;
			knownRegions = (
				en,
				Base,
			);
			mainGroup = 3DEE47752516ACD600C22086;
			productRefGroup = 3DEE477F2516ACD600C22086 /* Products */;
			projectDirPath = "";
			projectRoot = "";
			targets = (
				3DEE477D2516ACD600C22086 /* iDine */,
				3DEE47932516ACD800C22086 /* iDineTests */,
				3DEE479E2516ACD800C22086 /* iDineUITests */,
			);
		};
/* End PBXProject section */

/* Begin PBXResourcesBuildPhase section */
		3DEE477C2516ACD600C22086 /* Resources */ = {
			isa = PBXResourcesBuildPhase;
			buildActionMask = 2147483647;
			files = (
				3DEE478E2516ACD800C22086 /* LaunchScreen.storyboard in Resources */,
				3DEE478B2516ACD800C22086 /* Preview Assets.xcassets in Resources */,
				3DEE47B82516AD9400C22086 /* menu.json in Resources */,
				3DEE47882516ACD800C22086 /* Assets.xcassets in Resources */,
			);
			runOnlyForDeploymentPostprocessing = 0;
		};
		3DEE47922516ACD800C22086 /* Resources */ = {
			isa = PBXResourcesBuildPhase;
			buildActionMask = 2147483647;
			files = (
			);
			runOnlyForDeploymentPostprocessing = 0;
		};
		3DEE479D2516ACD800C22086 /* Resources */ = {
			isa = PBXResourcesBuildPhase;
			buildActionMask = 2147483647;
			files = (
			);
			runOnlyForDeploymentPostprocessing = 0;
		};
/* End PBXResourcesBuildPhase section */

/* Begin PBXSourcesBuildPhase section */
		3DEE477A2516ACD600C22086 /* Sources */ = {
			isa = PBXSourcesBuildPhase;
			buildActionMask = 2147483647;
			files = (
				3DEE47B62516AD8300C22086 /* Order.swift in Sources */,
				3DCFD3B02519568300595E2E /* ItemDetails.swift in Sources */,
				3DEE47822516ACD600C22086 /* AppDelegate.swift in Sources */,
				3DEE47842516ACD600C22086 /* SceneDelegate.swift in Sources */,
				3DEE47BA251801AC00C22086 /* ItemRow.swift in Sources */,
				3DEE47862516ACD600C22086 /* ContentView.swift in Sources */,
				3DEE47B22516AD5F00C22086 /* Helper.swift in Sources */,
				3DEE47B52516AD8300C22086 /* Menu.swift in Sources */,
			);
			runOnlyForDeploymentPostprocessing = 0;
		};
		3DEE47902516ACD800C22086 /* Sources */ = {
			isa = PBXSourcesBuildPhase;
			buildActionMask = 2147483647;
			files = (
				3DEE47992516ACD800C22086 /* iDineTests.swift in Sources */,
			);
			runOnlyForDeploymentPostprocessing = 0;
		};
		3DEE479B2516ACD800C22086 /* Sources */ = {
			isa = PBXSourcesBuildPhase;
			buildActionMask = 2147483647;
			files = (
				3DEE47A42516ACD800C22086 /* iDineUITests.swift in Sources */,
			);
			runOnlyForDeploymentPostprocessing = 0;
		};
/* End PBXSourcesBuildPhase section */

/* Begin PBXTargetDependency section */
		3DEE47962516ACD800C22086 /* PBXTargetDependency */ = {
			isa = PBXTargetDependency;
			target = 3DEE477D2516ACD600C22086 /* iDine */;
			targetProxy = 3DEE47952516ACD800C22086 /* PBXContainerItemProxy */;
		};
		3DEE47A12516ACD800C22086 /* PBXTargetDependency */ = {
			isa = PBXTargetDependency;
			target = 3DEE477D2516ACD600C22086 /* iDine */;
			targetProxy = 3DEE47A02516ACD800C22086 /* PBXContainerItemProxy */;
		};
/* End PBXTargetDependency section */

/* Begin PBXVariantGroup section */
		3DEE478C2516ACD800C22086 /* LaunchScreen.storyboard */ = {
			isa = PBXVariantGroup;
			children = (
				3DEE478D2516ACD800C22086 /* Base */,
			);
			name = LaunchScreen.storyboard;
			sourceTree = "<group>";
		};
/* End PBXVariantGroup section */

/* Begin XCBuildConfiguration section */
		3DEE47A62516ACD800C22086 /* Debug */ = {
			isa = XCBuildConfiguration;
			buildSettings = {
				ALWAYS_SEARCH_USER_PATHS = NO;
				CLANG_ANALYZER_NONNULL = YES;
				CLANG_ANALYZER_NUMBER_OBJECT_CONVERSION = YES_AGGRESSIVE;
				CLANG_CXX_LANGUAGE_STANDARD = "gnu++14";
				CLANG_CXX_LIBRARY = "libc++";
				CLANG_ENABLE_MODULES = YES;
				CLANG_ENABLE_OBJC_ARC = YES;
				CLANG_ENABLE_OBJC_WEAK = YES;
				CLANG_WARN_BLOCK_CAPTURE_AUTORELEASING = YES;
				CLANG_WARN_BOOL_CONVERSION = YES;
				CLANG_WARN_COMMA = YES;
				CLANG_WARN_CONSTANT_CONVERSION = YES;
				CLANG_WARN_DEPRECATED_OBJC_IMPLEMENTATIONS = YES;
				CLANG_WARN_DIRECT_OBJC_ISA_USAGE = YES_ERROR;
				CLANG_WARN_DOCUMENTATION_COMMENTS = YES;
				CLANG_WARN_EMPTY_BODY = YES;
				CLANG_WARN_ENUM_CONVERSION = YES;
				CLANG_WARN_INFINITE_RECURSION = YES;
				CLANG_WARN_INT_CONVERSION = YES;
				CLANG_WARN_NON_LITERAL_NULL_CONVERSION = YES;
				CLANG_WARN_OBJC_IMPLICIT_RETAIN_SELF = YES;
				CLANG_WARN_OBJC_LITERAL_CONVERSION = YES;
				CLANG_WARN_OBJC_ROOT_CLASS = YES_ERROR;
				CLANG_WARN_RANGE_LOOP_ANALYSIS = YES;
				CLANG_WARN_STRICT_PROTOTYPES = YES;
				CLANG_WARN_SUSPICIOUS_MOVE = YES;
				CLANG_WARN_UNGUARDED_AVAILABILITY = YES_AGGRESSIVE;
				CLANG_WARN_UNREACHABLE_CODE = YES;
				CLANG_WARN__DUPLICATE_METHOD_MATCH = YES;
				COPY_PHASE_STRIP = NO;
				DEBUG_INFORMATION_FORMAT = dwarf;
				ENABLE_STRICT_OBJC_MSGSEND = YES;
				ENABLE_TESTABILITY = YES;
				GCC_C_LANGUAGE_STANDARD = gnu11;
				GCC_DYNAMIC_NO_PIC = NO;
				GCC_NO_COMMON_BLOCKS = YES;
				GCC_OPTIMIZATION_LEVEL = 0;
				GCC_PREPROCESSOR_DEFINITIONS = (
					"DEBUG=1",
					"$(inherited)",
				);
				GCC_WARN_64_TO_32_BIT_CONVERSION = YES;
				GCC_WARN_ABOUT_RETURN_TYPE = YES_ERROR;
				GCC_WARN_UNDECLARED_SELECTOR = YES;
				GCC_WARN_UNINITIALIZED_AUTOS = YES_AGGRESSIVE;
				GCC_WARN_UNUSED_FUNCTION = YES;
				GCC_WARN_UNUSED_VARIABLE = YES;
				IPHONEOS_DEPLOYMENT_TARGET = 13.5;
				MTL_ENABLE_DEBUG_INFO = INCLUDE_SOURCE;
				MTL_FAST_MATH = YES;
				ONLY_ACTIVE_ARCH = YES;
				SDKROOT = iphoneos;
				SWIFT_ACTIVE_COMPILATION_CONDITIONS = DEBUG;
				SWIFT_OPTIMIZATION_LEVEL = "-Onone";
			};
			name = Debug;
		};
		3DEE47A72516ACD800C22086 /* Release */ = {
			isa = XCBuildConfiguration;
			buildSettings = {
				ALWAYS_SEARCH_USER_PATHS = NO;
				CLANG_ANALYZER_NONNULL = YES;
				CLANG_ANALYZER_NUMBER_OBJECT_CONVERSION = YES_AGGRESSIVE;
				CLANG_CXX_LANGUAGE_STANDARD = "gnu++14";
				CLANG_CXX_LIBRARY = "libc++";
				CLANG_ENABLE_MODULES = YES;
				CLANG_ENABLE_OBJC_ARC = YES;
				CLANG_ENABLE_OBJC_WEAK = YES;
				CLANG_WARN_BLOCK_CAPTURE_AUTORELEASING = YES;
				CLANG_WARN_BOOL_CONVERSION = YES;
				CLANG_WARN_COMMA = YES;
				CLANG_WARN_CONSTANT_CONVERSION = YES;
				CLANG_WARN_DEPRECATED_OBJC_IMPLEMENTATIONS = YES;
				CLANG_WARN_DIRECT_OBJC_ISA_USAGE = YES_ERROR;
				CLANG_WARN_DOCUMENTATION_COMMENTS = YES;
				CLANG_WARN_EMPTY_BODY = YES;
				CLANG_WARN_ENUM_CONVERSION = YES;
				CLANG_WARN_INFINITE_RECURSION = YES;
				CLANG_WARN_INT_CONVERSION = YES;
				CLANG_WARN_NON_LITERAL_NULL_CONVERSION = YES;
				CLANG_WARN_OBJC_IMPLICIT_RETAIN_SELF = YES;
				CLANG_WARN_OBJC_LITERAL_CONVERSION = YES;
				CLANG_WARN_OBJC_ROOT_CLASS = YES_ERROR;
				CLANG_WARN_RANGE_LOOP_ANALYSIS = YES;
				CLANG_WARN_STRICT_PROTOTYPES = YES;
				CLANG_WARN_SUSPICIOUS_MOVE = YES;
				CLANG_WARN_UNGUARDED_AVAILABILITY = YES_AGGRESSIVE;
				CLANG_WARN_UNREACHABLE_CODE = YES;
				CLANG_WARN__DUPLICATE_METHOD_MATCH = YES;
				COPY_PHASE_STRIP = NO;
				DEBUG_INFORMATION_FORMAT = "dwarf-with-dsym";
				ENABLE_NS_ASSERTIONS = NO;
				ENABLE_STRICT_OBJC_MSGSEND = YES;
				GCC_C_LANGUAGE_STANDARD = gnu11;
				GCC_NO_COMMON_BLOCKS = YES;
				GCC_WARN_64_TO_32_BIT_CONVERSION = YES;
				GCC_WARN_ABOUT_RETURN_TYPE = YES_ERROR;
				GCC_WARN_UNDECLARED_SELECTOR = YES;
				GCC_WARN_UNINITIALIZED_AUTOS = YES_AGGRESSIVE;
				GCC_WARN_UNUSED_FUNCTION = YES;
				GCC_WARN_UNUSED_VARIABLE = YES;
				IPHONEOS_DEPLOYMENT_TARGET = 13.5;
				MTL_ENABLE_DEBUG_INFO = NO;
				MTL_FAST_MATH = YES;
				SDKROOT = iphoneos;
				SWIFT_COMPILATION_MODE = wholemodule;
				SWIFT_OPTIMIZATION_LEVEL = "-O";
				VALIDATE_PRODUCT = YES;
			};
			name = Release;
		};
		3DEE47A92516ACD800C22086 /* Debug */ = {
			isa = XCBuildConfiguration;
			buildSettings = {
				ASSETCATALOG_COMPILER_APPICON_NAME = AppIcon;
				CODE_SIGN_STYLE = Automatic;
				DEVELOPMENT_ASSET_PATHS = "\"iDine/Preview Content\"";
				ENABLE_PREVIEWS = YES;
				INFOPLIST_FILE = iDine/Info.plist;
				LD_RUNPATH_SEARCH_PATHS = (
					"$(inherited)",
					"@executable_path/Frameworks",
				);
				PRODUCT_BUNDLE_IDENTIFIER = com.msa.iDine;
				PRODUCT_NAME = "$(TARGET_NAME)";
				SWIFT_VERSION = 5.0;
				TARGETED_DEVICE_FAMILY = "1,2";
			};
			name = Debug;
		};
		3DEE47AA2516ACD800C22086 /* Release */ = {
			isa = XCBuildConfiguration;
			buildSettings = {
				ASSETCATALOG_COMPILER_APPICON_NAME = AppIcon;
				CODE_SIGN_STYLE = Automatic;
				DEVELOPMENT_ASSET_PATHS = "\"iDine/Preview Content\"";
				ENABLE_PREVIEWS = YES;
				INFOPLIST_FILE = iDine/Info.plist;
				LD_RUNPATH_SEARCH_PATHS = (
					"$(inherited)",
					"@executable_path/Frameworks",
				);
				PRODUCT_BUNDLE_IDENTIFIER = com.msa.iDine;
				PRODUCT_NAME = "$(TARGET_NAME)";
				SWIFT_VERSION = 5.0;
				TARGETED_DEVICE_FAMILY = "1,2";
			};
			name = Release;
		};
		3DEE47AC2516ACD800C22086 /* Debug */ = {
			isa = XCBuildConfiguration;
			buildSettings = {
				ALWAYS_EMBED_SWIFT_STANDARD_LIBRARIES = YES;
				BUNDLE_LOADER = "$(TEST_HOST)";
				CODE_SIGN_STYLE = Automatic;
				INFOPLIST_FILE = iDineTests/Info.plist;
				IPHONEOS_DEPLOYMENT_TARGET = 13.5;
				LD_RUNPATH_SEARCH_PATHS = (
					"$(inherited)",
					"@executable_path/Frameworks",
					"@loader_path/Frameworks",
				);
				PRODUCT_BUNDLE_IDENTIFIER = com.msa.iDineTests;
				PRODUCT_NAME = "$(TARGET_NAME)";
				SWIFT_VERSION = 5.0;
				TARGETED_DEVICE_FAMILY = "1,2";
				TEST_HOST = "$(BUILT_PRODUCTS_DIR)/iDine.app/iDine";
			};
			name = Debug;
		};
		3DEE47AD2516ACD800C22086 /* Release */ = {
			isa = XCBuildConfiguration;
			buildSettings = {
				ALWAYS_EMBED_SWIFT_STANDARD_LIBRARIES = YES;
				BUNDLE_LOADER = "$(TEST_HOST)";
				CODE_SIGN_STYLE = Automatic;
				INFOPLIST_FILE = iDineTests/Info.plist;
				IPHONEOS_DEPLOYMENT_TARGET = 13.5;
				LD_RUNPATH_SEARCH_PATHS = (
					"$(inherited)",
					"@executable_path/Frameworks",
					"@loader_path/Frameworks",
				);
				PRODUCT_BUNDLE_IDENTIFIER = com.msa.iDineTests;
				PRODUCT_NAME = "$(TARGET_NAME)";
				SWIFT_VERSION = 5.0;
				TARGETED_DEVICE_FAMILY = "1,2";
				TEST_HOST = "$(BUILT_PRODUCTS_DIR)/iDine.app/iDine";
			};
			name = Release;
		};
		3DEE47AF2516ACD800C22086 /* Debug */ = {
			isa = XCBuildConfiguration;
			buildSettings = {
				ALWAYS_EMBED_SWIFT_STANDARD_LIBRARIES = YES;
				CODE_SIGN_STYLE = Automatic;
				INFOPLIST_FILE = iDineUITests/Info.plist;
				LD_RUNPATH_SEARCH_PATHS = (
					"$(inherited)",
					"@executable_path/Frameworks",
					"@loader_path/Frameworks",
				);
				PRODUCT_BUNDLE_IDENTIFIER = com.msa.iDineUITests;
				PRODUCT_NAME = "$(TARGET_NAME)";
				SWIFT_VERSION = 5.0;
				TARGETED_DEVICE_FAMILY = "1,2";
				TEST_TARGET_NAME = iDine;
			};
			name = Debug;
		};
		3DEE47B02516ACD800C22086 /* Release */ = {
			isa = XCBuildConfiguration;
			buildSettings = {
				ALWAYS_EMBED_SWIFT_STANDARD_LIBRARIES = YES;
				CODE_SIGN_STYLE = Automatic;
				INFOPLIST_FILE = iDineUITests/Info.plist;
				LD_RUNPATH_SEARCH_PATHS = (
					"$(inherited)",
					"@executable_path/Frameworks",
					"@loader_path/Frameworks",
				);
				PRODUCT_BUNDLE_IDENTIFIER = com.msa.iDineUITests;
				PRODUCT_NAME = "$(TARGET_NAME)";
				SWIFT_VERSION = 5.0;
				TARGETED_DEVICE_FAMILY = "1,2";
				TEST_TARGET_NAME = iDine;
			};
			name = Release;
		};
/* End XCBuildConfiguration section */

/* Begin XCConfigurationList section */
		3DEE47792516ACD600C22086 /* Build configuration list for PBXProject "iDine" */ = {
			isa = XCConfigurationList;
			buildConfigurations = (
				3DEE47A62516ACD800C22086 /* Debug */,
				3DEE47A72516ACD800C22086 /* Release */,
			);
			defaultConfigurationIsVisible = 0;
			defaultConfigurationName = Release;
		};
		3DEE47A82516ACD800C22086 /* Build configuration list for PBXNativeTarget "iDine" */ = {
			isa = XCConfigurationList;
			buildConfigurations = (
				3DEE47A92516ACD800C22086 /* Debug */,
				3DEE47AA2516ACD800C22086 /* Release */,
			);
			defaultConfigurationIsVisible = 0;
			defaultConfigurationName = Release;
		};
		3DEE47AB2516ACD800C22086 /* Build configuration list for PBXNativeTarget "iDineTests" */ = {
			isa = XCConfigurationList;
			buildConfigurations = (
				3DEE47AC2516ACD800C22086 /* Debug */,
				3DEE47AD2516ACD800C22086 /* Release */,
			);
			defaultConfigurationIsVisible = 0;
			defaultConfigurationName = Release;
		};
		3DEE47AE2516ACD800C22086 /* Build configuration list for PBXNativeTarget "iDineUITests" */ = {
			isa = XCConfigurationList;
			buildConfigurations = (
				3DEE47AF2516ACD800C22086 /* Debug */,
				3DEE47B02516ACD800C22086 /* Release */,
			);
			defaultConfigurationIsVisible = 0;
			defaultConfigurationName = Release;
		};
/* End XCConfigurationList section */
	};
	rootObject = 3DEE47762516ACD600C22086 /* Project object */;
}
